<Solution>
  <Configurations>
    <Platform Name="Any CPU" />
    <Platform Name="x64" />
    <Platform Name="x86" />
  </Configurations>
  <Project Path="src/accretion/accretion.csproj" />
  <Project Path="src/accretion.cli/accretion.cli.csproj" />
  <Project Path="tests/accretion.tests/accretion.tests.csproj" />
</Solution>
